
Microsoft Visual Studio Solution File, Format Version 12.00
# Visual Studio 15
VisualStudioVersion = 15.0.26403.3
MinimumVisualStudioVersion = 10.0.40219.1
Project("{FAE04EC0-301F-11D3-BF4B-00C04F79EFBC}") = "SourceDemoParser-CLI", "SourceDemoParser-CLI\SourceDemoParser-CLI.csproj", "{9093E5AF-D84B-4F05-8332-D61B45391CA0}"
EndProject
Project("{FAE04EC0-301F-11D3-BF4B-00C04F79EFBC}") = "SourceDemoParser-CLI.Test", "SourceDemoParser-CLI.Test\SourceDemoParser-CLI.Test.csproj", "{8A2AA073-FB1A-49FB-AE59-B5E5CBD2FC0D}"
EndProject
Project("{FAE04EC0-301F-11D3-BF4B-00C04F79EFBC}") = "SourceDemoParser.Net", "SourceDemoParser.Net\SourceDemoParser.Net.csproj", "{DA365F45-8512-4725-AFD4-5E6EEE17A7BD}"
EndProject
Global
	GlobalSection(SolutionConfigurationPlatforms) = preSolution
		Debug|Any CPU = Debug|Any CPU
		Release|Any CPU = Release|Any CPU
	EndGlobalSection
	GlobalSection(ProjectConfigurationPlatforms) = postSolution
		{9093E5AF-D84B-4F05-8332-D61B45391CA0}.Debug|Any CPU.ActiveCfg = Debug|Any CPU
		{9093E5AF-D84B-4F05-8332-D61B45391CA0}.Debug|Any CPU.Build.0 = Debug|Any CPU
		{9093E5AF-D84B-4F05-8332-D61B45391CA0}.Release|Any CPU.ActiveCfg = Release|Any CPU
		{9093E5AF-D84B-4F05-8332-D61B45391CA0}.Release|Any CPU.Build.0 = Release|Any CPU
		{8A2AA073-FB1A-49FB-AE59-B5E5CBD2FC0D}.Debug|Any CPU.ActiveCfg = Debug|Any CPU
		{8A2AA073-FB1A-49FB-AE59-B5E5CBD2FC0D}.Debug|Any CPU.Build.0 = Debug|Any CPU
		{8A2AA073-FB1A-49FB-AE59-B5E5CBD2FC0D}.Release|Any CPU.ActiveCfg = Release|Any CPU
		{8A2AA073-FB1A-49FB-AE59-B5E5CBD2FC0D}.Release|Any CPU.Build.0 = Release|Any CPU
		{DA365F45-8512-4725-AFD4-5E6EEE17A7BD}.Debug|Any CPU.ActiveCfg = Debug|Any CPU
		{DA365F45-8512-4725-AFD4-5E6EEE17A7BD}.Debug|Any CPU.Build.0 = Debug|Any CPU
		{DA365F45-8512-4725-AFD4-5E6EEE17A7BD}.Release|Any CPU.ActiveCfg = Release|Any CPU
		{DA365F45-8512-4725-AFD4-5E6EEE17A7BD}.Release|Any CPU.Build.0 = Release|Any CPU
	EndGlobalSection
	GlobalSection(SolutionProperties) = preSolution
		HideSolutionNode = FALSE
	EndGlobalSection
EndGlobal
