
Microsoft Visual Studio Solution File, Format Version 12.00
# Visual Studio 15
VisualStudioVersion = 15.0.27004.2002
MinimumVisualStudioVersion = 10.0.40219.1
Project("{9A19103F-16F7-4668-BE54-9A1E7A4F7556}") = "SourceDemoParser.Net", "src\SourceDemoParser.Net\SourceDemoParser.Net.csproj", "{F348B62F-B624-43E4-A130-3699B188EFD3}"
EndProject
Project("{9A19103F-16F7-4668-BE54-9A1E7A4F7556}") = "SourceDemoParser.Net.Test", "src\SourceDemoParser.Net.Test\SourceDemoParser.Net.Test.csproj", "{DB629690-AF20-4AA1-9BCB-43C56B063B2B}"
EndProject
Project("{9A19103F-16F7-4668-BE54-9A1E7A4F7556}") = "SourceDemoParser-CLI", "src\SourceDemoParser-CLI\SourceDemoParser-CLI.csproj", "{285DCB75-3796-4FE4-A648-74B3D2DDE196}"
EndProject
Project("{2150E333-8FDC-42A3-9474-1A3956D46DE8}") = "Solution Items", "Solution Items", "{EAE882C6-F9E1-4550-B3D0-1C36771536CD}"
	ProjectSection(SolutionItems) = preProject
		.travis.yml = .travis.yml
		DOCS.md = DOCS.md
		README.md = README.md
		SourceDemoParser.Net.nuspec = SourceDemoParser.Net.nuspec
	EndProjectSection
EndProject
Project("{FAE04EC0-301F-11D3-BF4B-00C04F79EFBC}") = "SourceDemoParser-DS", "src\SourceDemoParser-DS\SourceDemoParser-DS.csproj", "{9F3D5E17-FB41-4490-83C4-A24AC10E8F59}"
EndProject
Global
	GlobalSection(SolutionConfigurationPlatforms) = preSolution
		Debug|Any CPU = Debug|Any CPU
		Release|Any CPU = Release|Any CPU
	EndGlobalSection
	GlobalSection(ProjectConfigurationPlatforms) = postSolution
		{F348B62F-B624-43E4-A130-3699B188EFD3}.Debug|Any CPU.ActiveCfg = Debug|Any CPU
		{F348B62F-B624-43E4-A130-3699B188EFD3}.Debug|Any CPU.Build.0 = Debug|Any CPU
		{F348B62F-B624-43E4-A130-3699B188EFD3}.Release|Any CPU.ActiveCfg = Release|Any CPU
		{F348B62F-B624-43E4-A130-3699B188EFD3}.Release|Any CPU.Build.0 = Release|Any CPU
		{DB629690-AF20-4AA1-9BCB-43C56B063B2B}.Debug|Any CPU.ActiveCfg = Debug|Any CPU
		{DB629690-AF20-4AA1-9BCB-43C56B063B2B}.Debug|Any CPU.Build.0 = Debug|Any CPU
		{DB629690-AF20-4AA1-9BCB-43C56B063B2B}.Release|Any CPU.ActiveCfg = Release|Any CPU
		{DB629690-AF20-4AA1-9BCB-43C56B063B2B}.Release|Any CPU.Build.0 = Release|Any CPU
		{285DCB75-3796-4FE4-A648-74B3D2DDE196}.Debug|Any CPU.ActiveCfg = Debug|Any CPU
		{285DCB75-3796-4FE4-A648-74B3D2DDE196}.Debug|Any CPU.Build.0 = Debug|Any CPU
		{285DCB75-3796-4FE4-A648-74B3D2DDE196}.Release|Any CPU.ActiveCfg = Release|Any CPU
		{285DCB75-3796-4FE4-A648-74B3D2DDE196}.Release|Any CPU.Build.0 = Release|Any CPU
		{9F3D5E17-FB41-4490-83C4-A24AC10E8F59}.Debug|Any CPU.ActiveCfg = Debug|Any CPU
		{9F3D5E17-FB41-4490-83C4-A24AC10E8F59}.Debug|Any CPU.Build.0 = Debug|Any CPU
		{9F3D5E17-FB41-4490-83C4-A24AC10E8F59}.Release|Any CPU.ActiveCfg = Release|Any CPU
		{9F3D5E17-FB41-4490-83C4-A24AC10E8F59}.Release|Any CPU.Build.0 = Release|Any CPU
	EndGlobalSection
	GlobalSection(SolutionProperties) = preSolution
		HideSolutionNode = FALSE
	EndGlobalSection
	GlobalSection(ExtensibilityGlobals) = postSolution
		SolutionGuid = {292A6B72-47E3-4DC9-9C2D-C3F7737B40CD}
	EndGlobalSection
EndGlobal
